Microsoft Visual Studio Solution File, Format Version 12.00
# Visual Studio Version 17
VisualStudioVersion = 17.5.2.0
MinimumVisualStudioVersion = 10.0.40219.1
Project("{FAE04EC0-301F-11D3-BF4B-00C04F79EFBC}") = "NumeroPar", "NumeroPar.csproj", "{2F960AE2-BB1D-A03C-464B-09D23DC7E6F8}"
EndProject
Global
	GlobalSection(SolutionConfigurationPlatforms) = preSolution
		Debug|Any CPU = Debug|Any CPU
		Release|Any CPU = Release|Any CPU
	EndGlobalSection
	GlobalSection(ProjectConfigurationPlatforms) = postSolution
		{2F960AE2-BB1D-A03C-464B-09D23DC7E6F8}.Debug|Any CPU.ActiveCfg = Debug|Any CPU
		{2F960AE2-BB1D-A03C-464B-09D23DC7E6F8}.Debug|Any CPU.Build.0 = Debug|Any CPU
		{2F960AE2-BB1D-A03C-464B-09D23DC7E6F8}.Release|Any CPU.ActiveCfg = Release|Any CPU
		{2F960AE2-BB1D-A03C-464B-09D23DC7E6F8}.Release|Any CPU.Build.0 = Release|Any CPU
	EndGlobalSection
	GlobalSection(SolutionProperties) = preSolution
		HideSolutionNode = FALSE
	EndGlobalSection
	GlobalSection(ExtensibilityGlobals) = postSolution
		SolutionGuid = {5CA2E6DF-BA52-4F6B-8DD9-8FB837CEB74B}
	EndGlobalSection
EndGlobal
